
Microsoft Visual Studio Solution File, Format Version 12.00
# Visual Studio 15
VisualStudioVersion = 15.0.26124.0
MinimumVisualStudioVersion = 15.0.26124.0
Project("{2150E333-8FDC-42A3-9474-1A3956D46DE8}") = "src", "src", "{5FB23608-AA5B-4F98-9EBF-9B0813DE30C5}"
EndProject
Project("{FAE04EC0-301F-11D3-BF4B-00C04F79EFBC}") = "HelloWorld", "src\HelloWorld\HelloWorld.csproj", "{91935713-F03B-4F2C-BEE4-31B836E6B193}"
EndProject
Project("{2150E333-8FDC-42A3-9474-1A3956D46DE8}") = "test", "test", "{4C48EE43-95DF-4820-BE1E-42DB3E0C71C2}"
EndProject
Project("{FAE04EC0-301F-11D3-BF4B-00C04F79EFBC}") = "HelloWorld.Tests", "test\HelloWorld.Test\HelloWorld.Tests.csproj", "{788A4E12-CE13-42DB-8D13-8402B36E833C}"
EndProject
Global
	GlobalSection(SolutionConfigurationPlatforms) = preSolution
		Debug|Any CPU = Debug|Any CPU
		Debug|x64 = Debug|x64
		Debug|x86 = Debug|x86
		Release|Any CPU = Release|Any CPU
		Release|x64 = Release|x64
		Release|x86 = Release|x86
	EndGlobalSection
	GlobalSection(SolutionProperties) = preSolution
		HideSolutionNode = FALSE
	EndGlobalSection
	GlobalSection(ProjectConfigurationPlatforms) = postSolution
		{91935713-F03B-4F2C-BEE4-31B836E6B193}.Debug|Any CPU.ActiveCfg = Debug|Any CPU
		{91935713-F03B-4F2C-BEE4-31B836E6B193}.Debug|Any CPU.Build.0 = Debug|Any CPU
		{91935713-F03B-4F2C-BEE4-31B836E6B193}.Debug|x64.ActiveCfg = Debug|Any CPU
		{91935713-F03B-4F2C-BEE4-31B836E6B193}.Debug|x64.Build.0 = Debug|Any CPU
		{91935713-F03B-4F2C-BEE4-31B836E6B193}.Debug|x86.ActiveCfg = Debug|Any CPU
		{91935713-F03B-4F2C-BEE4-31B836E6B193}.Debug|x86.Build.0 = Debug|Any CPU
		{91935713-F03B-4F2C-BEE4-31B836E6B193}.Release|Any CPU.ActiveCfg = Release|Any CPU
		{91935713-F03B-4F2C-BEE4-31B836E6B193}.Release|Any CPU.Build.0 = Release|Any CPU
		{91935713-F03B-4F2C-BEE4-31B836E6B193}.Release|x64.ActiveCfg = Release|Any CPU
		{91935713-F03B-4F2C-BEE4-31B836E6B193}.Release|x64.Build.0 = Release|Any CPU
		{91935713-F03B-4F2C-BEE4-31B836E6B193}.Release|x86.ActiveCfg = Release|Any CPU
		{91935713-F03B-4F2C-BEE4-31B836E6B193}.Release|x86.Build.0 = Release|Any CPU
		{788A4E12-CE13-42DB-8D13-8402B36E833C}.Debug|Any CPU.ActiveCfg = Debug|Any CPU
		{788A4E12-CE13-42DB-8D13-8402B36E833C}.Debug|Any CPU.Build.0 = Debug|Any CPU
		{788A4E12-CE13-42DB-8D13-8402B36E833C}.Debug|x64.ActiveCfg = Debug|Any CPU
		{788A4E12-CE13-42DB-8D13-8402B36E833C}.Debug|x64.Build.0 = Debug|Any CPU
		{788A4E12-CE13-42DB-8D13-8402B36E833C}.Debug|x86.ActiveCfg = Debug|Any CPU
		{788A4E12-CE13-42DB-8D13-8402B36E833C}.Debug|x86.Build.0 = Debug|Any CPU
		{788A4E12-CE13-42DB-8D13-8402B36E833C}.Release|Any CPU.ActiveCfg = Release|Any CPU
		{788A4E12-CE13-42DB-8D13-8402B36E833C}.Release|Any CPU.Build.0 = Release|Any CPU
		{788A4E12-CE13-42DB-8D13-8402B36E833C}.Release|x64.ActiveCfg = Release|Any CPU
		{788A4E12-CE13-42DB-8D13-8402B36E833C}.Release|x64.Build.0 = Release|Any CPU
		{788A4E12-CE13-42DB-8D13-8402B36E833C}.Release|x86.ActiveCfg = Release|Any CPU
		{788A4E12-CE13-42DB-8D13-8402B36E833C}.Release|x86.Build.0 = Release|Any CPU
	EndGlobalSection
	GlobalSection(NestedProjects) = preSolution
		{91935713-F03B-4F2C-BEE4-31B836E6B193} = {5FB23608-AA5B-4F98-9EBF-9B0813DE30C5}
		{788A4E12-CE13-42DB-8D13-8402B36E833C} = {4C48EE43-95DF-4820-BE1E-42DB3E0C71C2}
	EndGlobalSection
EndGlobal
